
Microsoft Visual Studio Solution File, Format Version 12.00
# Visual Studio 15
VisualStudioVersion = 15.0.28010.2016
MinimumVisualStudioVersion = 10.0.40219.1
Project("{FAE04EC0-301F-11D3-BF4B-00C04F79EFBC}") = "Level1_3", "Level1_3\Level1_3.csproj", "{6867CE75-C484-40A5-A958-BDD6E451D723}"
EndProject
Global
	GlobalSection(SolutionConfigurationPlatforms) = preSolution
		Debug|Any CPU = Debug|Any CPU
		Release|Any CPU = Release|Any CPU
	EndGlobalSection
	GlobalSection(ProjectConfigurationPlatforms) = postSolution
		{6867CE75-C484-40A5-A958-BDD6E451D723}.Debug|Any CPU.ActiveCfg = Debug|Any CPU
		{6867CE75-C484-40A5-A958-BDD6E451D723}.Debug|Any CPU.Build.0 = Debug|Any CPU
		{6867CE75-C484-40A5-A958-BDD6E451D723}.Release|Any CPU.ActiveCfg = Release|Any CPU
		{6867CE75-C484-40A5-A958-BDD6E451D723}.Release|Any CPU.Build.0 = Release|Any CPU
	EndGlobalSection
	GlobalSection(SolutionProperties) = preSolution
		HideSolutionNode = FALSE
	EndGlobalSection
	GlobalSection(ExtensibilityGlobals) = postSolution
		SolutionGuid = {0CCF506E-D863-4DE3-899F-F8A1B2F5A064}
	EndGlobalSection
EndGlobal
